// !$*UTF8*$!
{
	archiveVersion = 1;
	classes = {
	};
	objectVersion = 56;
	objects = {

/* Begin PBXBuildFile section */
		A2A358342B1E4DF20085912B /* AppDelegate.swift in Sources */ = {isa = PBXBuildFile; fileRef = A2A358332B1E4DF20085912B /* AppDelegate.swift */; };
		A2A358362B1E4DF20085912B /* SceneDelegate.swift in Sources */ = {isa = PBXBuildFile; fileRef = A2A358352B1E4DF20085912B /* SceneDelegate.swift */; };
		A2A3583B2B1E4DF20085912B /* Main.storyboard in Resources */ = {isa = PBXBuildFile; fileRef = A2A358392B1E4DF20085912B /* Main.storyboard */; };
		A2A3583D2B1E4DF30085912B /* Assets.xcassets in Resources */ = {isa = PBXBuildFile; fileRef = A2A3583C2B1E4DF30085912B /* Assets.xcassets */; };
		A2A358402B1E4DF30085912B /* LaunchScreen.storyboard in Resources */ = {isa = PBXBuildFile; fileRef = A2A3583E2B1E4DF30085912B /* LaunchScreen.storyboard */; };
		A2C8BF3E2B35C3C0003199AD /* MainViewController.swift in Sources */ = {isa = PBXBuildFile; fileRef = A2C8BF3D2B35C3C0003199AD /* MainViewController.swift */; };
		A2C8BF442B35D453003199AD /* CheckBoxRow.swift in Sources */ = {isa = PBXBuildFile; fileRef = A2C8BF432B35D453003199AD /* CheckBoxRow.swift */; };
/* End PBXBuildFile section */

/* Begin PBXFileReference section */
		A2A358302B1E4DF20085912B /* L3.app */ = {isa = PBXFileReference; explicitFileType = wrapper.application; includeInIndex = 0; path = L3.app; sourceTree = BUILT_PRODUCTS_DIR; };
		A2A358332B1E4DF20085912B /* AppDelegate.swift */ = {isa = PBXFileReference; lastKnownFileType = sourcecode.swift; path = AppDelegate.swift; sourceTree = "<group>"; };
		A2A358352B1E4DF20085912B /* SceneDelegate.swift */ = {isa = PBXFileReference; lastKnownFileType = sourcecode.swift; path = SceneDelegate.swift; sourceTree = "<group>"; };
		A2A3583A2B1E4DF20085912B /* Base */ = {isa = PBXFileReference; lastKnownFileType = file.storyboard; name = Base; path = Base.lproj/Main.storyboard; sourceTree = "<group>"; };
		A2A3583C2B1E4DF30085912B /* Assets.xcassets */ = {isa = PBXFileReference; lastKnownFileType = folder.assetcatalog; path = Assets.xcassets; sourceTree = "<group>"; };
		A2A3583F2B1E4DF30085912B /* Base */ = {isa = PBXFileReference; lastKnownFileType = file.storyboard; name = Base; path = Base.lproj/LaunchScreen.storyboard; sourceTree = "<group>"; };
		A2A358412B1E4DF30085912B /* Info.plist */ = {isa = PBXFileReference; lastKnownFileType = text.plist.xml; path = Info.plist; sourceTree = "<group>"; };
		A2C8BF3D2B35C3C0003199AD /* MainViewController.swift */ = {isa = PBXFileReference; lastKnownFileType = sourcecode.swift; path = MainViewController.swift; sourceTree = "<group>"; };
		A2C8BF432B35D453003199AD /* CheckBoxRow.swift */ = {isa = PBXFileReference; lastKnownFileType = sourcecode.swift; path = CheckBoxRow.swift; sourceTree = "<group>"; };
/* End PBXFileReference section */

/* Begin PBXFrameworksBuildPhase section */
		A2A3582D2B1E4DF20085912B /* Frameworks */ = {
			isa = PBXFrameworksBuildPhase;
			buildActionMask = 2147483647;
			files = (
			);
			runOnlyForDeploymentPostprocessing = 0;
		};
/* End PBXFrameworksBuildPhase section */

/* Begin PBXGroup section */
		A2A358272B1E4DF20085912B = {
			isa = PBXGroup;
			children = (
				A2A358322B1E4DF20085912B /* L3 */,
				A2A358312B1E4DF20085912B /* Products */,
			);
			sourceTree = "<group>";
		};
		A2A358312B1E4DF20085912B /* Products */ = {
			isa = PBXGroup;
			children = (
				A2A358302B1E4DF20085912B /* L3.app */,
			);
			name = Products;
			sourceTree = "<group>";
		};
		A2A358322B1E4DF20085912B /* L3 */ = {
			isa = PBXGroup;
			children = (
				A2C8BF3A2B35C32F003199AD /* ViewControllers */,
				A2C8BF412B35D3C0003199AD /* CustomViews */,
				A2A358332B1E4DF20085912B /* AppDelegate.swift */,
				A2A358352B1E4DF20085912B /* SceneDelegate.swift */,
				A2A358392B1E4DF20085912B /* Main.storyboard */,
				A2A3583C2B1E4DF30085912B /* Assets.xcassets */,
				A2A3583E2B1E4DF30085912B /* LaunchScreen.storyboard */,
				A2A358412B1E4DF30085912B /* Info.plist */,
			);
			path = L3;
			sourceTree = "<group>";
		};
		A2C8BF3A2B35C32F003199AD /* ViewControllers */ = {
			isa = PBXGroup;
			children = (
				A2C8BF3D2B35C3C0003199AD /* MainViewController.swift */,
			);
			path = ViewControllers;
			sourceTree = "<group>";
		};
		A2C8BF412B35D3C0003199AD /* CustomViews */ = {
			isa = PBXGroup;
			children = (
				A2C8BF422B35D42D003199AD /* CheckBoxes */,
			);
			path = CustomViews;
			sourceTree = "<group>";
		};
		A2C8BF422B35D42D003199AD /* CheckBoxes */ = {
			isa = PBXGroup;
			children = (
				A2C8BF432B35D453003199AD /* CheckBoxRow.swift */,
			);
			path = CheckBoxes;
			sourceTree = "<group>";
		};
/* End PBXGroup section */

/* Begin PBXNativeTarget section */
		A2A3582F2B1E4DF20085912B /* L3 */ = {
			isa = PBXNativeTarget;
			buildConfigurationList = A2A358442B1E4DF30085912B /* Build configuration list for PBXNativeTarget "L3" */;
			buildPhases = (
				A2A3582C2B1E4DF20085912B /* Sources */,
				A2A3582D2B1E4DF20085912B /* Frameworks */,
				A2A3582E2B1E4DF20085912B /* Resources */,
			);
			buildRules = (
			);
			dependencies = (
			);
			name = L3;
			productName = L3;
			productReference = A2A358302B1E4DF20085912B /* L3.app */;
			productType = "com.apple.product-type.application";
		};
/* End PBXNativeTarget section */

/* Begin PBXProject section */
		A2A358282B1E4DF20085912B /* Project object */ = {
			isa = PBXProject;
			attributes = {
				BuildIndependentTargetsInParallel = 1;
				LastSwiftUpdateCheck = 1500;
				LastUpgradeCheck = 1500;
				TargetAttributes = {
					A2A3582F2B1E4DF20085912B = {
						CreatedOnToolsVersion = 15.0.1;
					};
				};
			};
			buildConfigurationList = A2A3582B2B1E4DF20085912B /* Build configuration list for PBXProject "L3" */;
			compatibilityVersion = "Xcode 14.0";
			developmentRegion = en;
			hasScannedForEncodings = 0;
			knownRegions = (
				en,
				Base,
			);
			mainGroup = A2A358272B1E4DF20085912B;
			productRefGroup = A2A358312B1E4DF20085912B /* Products */;
			projectDirPath = "";
			projectRoot = "";
			targets = (
				A2A3582F2B1E4DF20085912B /* L3 */,
			);
		};
/* End PBXProject section */

/* Begin PBXResourcesBuildPhase section */
		A2A3582E2B1E4DF20085912B /* Resources */ = {
			isa = PBXResourcesBuildPhase;
			buildActionMask = 2147483647;
			files = (
				A2A358402B1E4DF30085912B /* LaunchScreen.storyboard in Resources */,
				A2A3583D2B1E4DF30085912B /* Assets.xcassets in Resources */,
				A2A3583B2B1E4DF20085912B /* Main.storyboard in Resources */,
			);
			runOnlyForDeploymentPostprocessing = 0;
		};
/* End PBXResourcesBuildPhase section */

/* Begin PBXSourcesBuildPhase section */
		A2A3582C2B1E4DF20085912B /* Sources */ = {
			isa = PBXSourcesBuildPhase;
			buildActionMask = 2147483647;
			files = (
				A2C8BF442B35D453003199AD /* CheckBoxRow.swift in Sources */,
				A2A358342B1E4DF20085912B /* AppDelegate.swift in Sources */,
				A2A358362B1E4DF20085912B /* SceneDelegate.swift in Sources */,
				A2C8BF3E2B35C3C0003199AD /* MainViewController.swift in Sources */,
			);
			runOnlyForDeploymentPostprocessing = 0;
		};
/* End PBXSourcesBuildPhase section */

/* Begin PBXVariantGroup section */
		A2A358392B1E4DF20085912B /* Main.storyboard */ = {
			isa = PBXVariantGroup;
			children = (
				A2A3583A2B1E4DF20085912B /* Base */,
			);
			name = Main.storyboard;
			sourceTree = "<group>";
		};
		A2A3583E2B1E4DF30085912B /* LaunchScreen.storyboard */ = {
			isa = PBXVariantGroup;
			children = (
				A2A3583F2B1E4DF30085912B /* Base */,
			);
			name = LaunchScreen.storyboard;
			sourceTree = "<group>";
		};
/* End PBXVariantGroup section */

/* Begin XCBuildConfiguration section */
		A2A358422B1E4DF30085912B /* Debug */ = {
			isa = XCBuildConfiguration;
			buildSettings = {
				ALWAYS_SEARCH_USER_PATHS = NO;
				ASSETCATALOG_COMPILER_GENERATE_SWIFT_ASSET_SYMBOL_EXTENSIONS = YES;
				CLANG_ANALYZER_NONNULL = YES;
				CLANG_ANALYZER_NUMBER_OBJECT_CONVERSION = YES_AGGRESSIVE;
				CLANG_CXX_LANGUAGE_STANDARD = "gnu++20";
				CLANG_ENABLE_MODULES = YES;
				CLANG_ENABLE_OBJC_ARC = YES;
				CLANG_ENABLE_OBJC_WEAK = YES;
				CLANG_WARN_BLOCK_CAPTURE_AUTORELEASING = YES;
				CLANG_WARN_BOOL_CONVERSION = YES;
				CLANG_WARN_COMMA = YES;
				CLANG_WARN_CONSTANT_CONVERSION = YES;
				CLANG_WARN_DEPRECATED_OBJC_IMPLEMENTATIONS = YES;
				CLANG_WARN_DIRECT_OBJC_ISA_USAGE = YES_ERROR;
				CLANG_WARN_DOCUMENTATION_COMMENTS = YES;
				CLANG_WARN_EMPTY_BODY = YES;
				CLANG_WARN_ENUM_CONVERSION = YES;
				CLANG_WARN_INFINITE_RECURSION = YES;
				CLANG_WARN_INT_CONVERSION = YES;
				CLANG_WARN_NON_LITERAL_NULL_CONVERSION = YES;
				CLANG_WARN_OBJC_IMPLICIT_RETAIN_SELF = YES;
				CLANG_WARN_OBJC_LITERAL_CONVERSION = YES;
				CLANG_WARN_OBJC_ROOT_CLASS = YES_ERROR;
				CLANG_WARN_QUOTED_INCLUDE_IN_FRAMEWORK_HEADER = YES;
				CLANG_WARN_RANGE_LOOP_ANALYSIS = YES;
				CLANG_WARN_STRICT_PROTOTYPES = YES;
				CLANG_WARN_SUSPICIOUS_MOVE = YES;
				CLANG_WARN_UNGUARDED_AVAILABILITY = YES_AGGRESSIVE;
				CLANG_WARN_UNREACHABLE_CODE = YES;
				CLANG_WARN__DUPLICATE_METHOD_MATCH = YES;
				COPY_PHASE_STRIP = NO;
				DEBUG_INFORMATION_FORMAT = dwarf;
				ENABLE_STRICT_OBJC_MSGSEND = YES;
				ENABLE_TESTABILITY = YES;
				ENABLE_USER_SCRIPT_SANDBOXING = YES;
				GCC_C_LANGUAGE_STANDARD = gnu17;
				GCC_DYNAMIC_NO_PIC = NO;
				GCC_NO_COMMON_BLOCKS = YES;
				GCC_OPTIMIZATION_LEVEL = 0;
				GCC_PREPROCESSOR_DEFINITIONS = (
					"DEBUG=1",
					"$(inherited)",
				);
				GCC_WARN_64_TO_32_BIT_CONVERSION = YES;
				GCC_WARN_ABOUT_RETURN_TYPE = YES_ERROR;
				GCC_WARN_UNDECLARED_SELECTOR = YES;
				GCC_WARN_UNINITIALIZED_AUTOS = YES_AGGRESSIVE;
				GCC_WARN_UNUSED_FUNCTION = YES;
				GCC_WARN_UNUSED_VARIABLE = YES;
				IPHONEOS_DEPLOYMENT_TARGET = 17.0;
				LOCALIZATION_PREFERS_STRING_CATALOGS = YES;
				MTL_ENABLE_DEBUG_INFO = INCLUDE_SOURCE;
				MTL_FAST_MATH = YES;
				ONLY_ACTIVE_ARCH = YES;
				SDKROOT = iphoneos;
				SWIFT_ACTIVE_COMPILATION_CONDITIONS = "DEBUG $(inherited)";
				SWIFT_OPTIMIZATION_LEVEL = "-Onone";
			};
			name = Debug;
		};
		A2A358432B1E4DF30085912B /* Release */ = {
			isa = XCBuildConfiguration;
			buildSettings = {
				ALWAYS_SEARCH_USER_PATHS = NO;
				ASSETCATALOG_COMPILER_GENERATE_SWIFT_ASSET_SYMBOL_EXTENSIONS = YES;
				CLANG_ANALYZER_NONNULL = YES;
				CLANG_ANALYZER_NUMBER_OBJECT_CONVERSION = YES_AGGRESSIVE;
				CLANG_CXX_LANGUAGE_STANDARD = "gnu++20";
				CLANG_ENABLE_MODULES = YES;
				CLANG_ENABLE_OBJC_ARC = YES;
				CLANG_ENABLE_OBJC_WEAK = YES;
				CLANG_WARN_BLOCK_CAPTURE_AUTORELEASING = YES;
				CLANG_WARN_BOOL_CONVERSION = YES;
				CLANG_WARN_COMMA = YES;
				CLANG_WARN_CONSTANT_CONVERSION = YES;
				CLANG_WARN_DEPRECATED_OBJC_IMPLEMENTATIONS = YES;
				CLANG_WARN_DIRECT_OBJC_ISA_USAGE = YES_ERROR;
				CLANG_WARN_DOCUMENTATION_COMMENTS = YES;
				CLANG_WARN_EMPTY_BODY = YES;
				CLANG_WARN_ENUM_CONVERSION = YES;
				CLANG_WARN_INFINITE_RECURSION = YES;
				CLANG_WARN_INT_CONVERSION = YES;
				CLANG_WARN_NON_LITERAL_NULL_CONVERSION = YES;
				CLANG_WARN_OBJC_IMPLICIT_RETAIN_SELF = YES;
				CLANG_WARN_OBJC_LITERAL_CONVERSION = YES;
				CLANG_WARN_OBJC_ROOT_CLASS = YES_ERROR;
				CLANG_WARN_QUOTED_INCLUDE_IN_FRAMEWORK_HEADER = YES;
				CLANG_WARN_RANGE_LOOP_ANALYSIS = YES;
				CLANG_WARN_STRICT_PROTOTYPES = YES;
				CLANG_WARN_SUSPICIOUS_MOVE = YES;
				CLANG_WARN_UNGUARDED_AVAILABILITY = YES_AGGRESSIVE;
				CLANG_WARN_UNREACHABLE_CODE = YES;
				CLANG_WARN__DUPLICATE_METHOD_MATCH = YES;
				COPY_PHASE_STRIP = NO;
				DEBUG_INFORMATION_FORMAT = "dwarf-with-dsym";
				ENABLE_NS_ASSERTIONS = NO;
				ENABLE_STRICT_OBJC_MSGSEND = YES;
				ENABLE_USER_SCRIPT_SANDBOXING = YES;
				GCC_C_LANGUAGE_STANDARD = gnu17;
				GCC_NO_COMMON_BLOCKS = YES;
				GCC_WARN_64_TO_32_BIT_CONVERSION = YES;
				GCC_WARN_ABOUT_RETURN_TYPE = YES_ERROR;
				GCC_WARN_UNDECLARED_SELECTOR = YES;
				GCC_WARN_UNINITIALIZED_AUTOS = YES_AGGRESSIVE;
				GCC_WARN_UNUSED_FUNCTION = YES;
				GCC_WARN_UNUSED_VARIABLE = YES;
				IPHONEOS_DEPLOYMENT_TARGET = 17.0;
				LOCALIZATION_PREFERS_STRING_CATALOGS = YES;
				MTL_ENABLE_DEBUG_INFO = NO;
				MTL_FAST_MATH = YES;
				SDKROOT = iphoneos;
				SWIFT_COMPILATION_MODE = wholemodule;
				VALIDATE_PRODUCT = YES;
			};
			name = Release;
		};
		A2A358452B1E4DF30085912B /* Debug */ = {
			isa = XCBuildConfiguration;
			buildSettings = {
				ASSETCATALOG_COMPILER_APPICON_NAME = AppIcon;
				ASSETCATALOG_COMPILER_GLOBAL_ACCENT_COLOR_NAME = AccentColor;
				CODE_SIGN_STYLE = Automatic;
				CURRENT_PROJECT_VERSION = 1;
				DEVELOPMENT_TEAM = 753X82YC53;
				GENERATE_INFOPLIST_FILE = YES;
				INFOPLIST_FILE = L3/Info.plist;
				INFOPLIST_KEY_UIApplicationSupportsIndirectInputEvents = YES;
				INFOPLIST_KEY_UILaunchStoryboardName = LaunchScreen;
				INFOPLIST_KEY_UIMainStoryboardFile = "";
				INFOPLIST_KEY_UISupportedInterfaceOrientations_iPad = "UIInterfaceOrientationPortrait UIInterfaceOrientationPortraitUpsideDown UIInterfaceOrientationLandscapeLeft UIInterfaceOrientationLandscapeRight";
				INFOPLIST_KEY_UISupportedInterfaceOrientations_iPhone = "UIInterfaceOrientationPortrait UIInterfaceOrientationLandscapeLeft UIInterfaceOrientationLandscapeRight";
				LD_RUNPATH_SEARCH_PATHS = (
					"$(inherited)",
					"@executable_path/Frameworks",
				);
				MARKETING_VERSION = 1.0;
				PRODUCT_BUNDLE_IDENTIFIER = com.andriikuznietsov.L3;
				PRODUCT_NAME = "$(TARGET_NAME)";
				SWIFT_EMIT_LOC_STRINGS = YES;
				SWIFT_VERSION = 5.0;
				TARGETED_DEVICE_FAMILY = "1,2";
			};
			name = Debug;
		};
		A2A358462B1E4DF30085912B /* Release */ = {
			isa = XCBuildConfiguration;
			buildSettings = {
				ASSETCATALOG_COMPILER_APPICON_NAME = AppIcon;
				ASSETCATALOG_COMPILER_GLOBAL_ACCENT_COLOR_NAME = AccentColor;
				CODE_SIGN_STYLE = Automatic;
				CURRENT_PROJECT_VERSION = 1;
				DEVELOPMENT_TEAM = 753X82YC53;
				GENERATE_INFOPLIST_FILE = YES;
				INFOPLIST_FILE = L3/Info.plist;
				INFOPLIST_KEY_UIApplicationSupportsIndirectInputEvents = YES;
				INFOPLIST_KEY_UILaunchStoryboardName = LaunchScreen;
				INFOPLIST_KEY_UIMainStoryboardFile = "";
				INFOPLIST_KEY_UISupportedInterfaceOrientations_iPad = "UIInterfaceOrientationPortrait UIInterfaceOrientationPortraitUpsideDown UIInterfaceOrientationLandscapeLeft UIInterfaceOrientationLandscapeRight";
				INFOPLIST_KEY_UISupportedInterfaceOrientations_iPhone = "UIInterfaceOrientationPortrait UIInterfaceOrientationLandscapeLeft UIInterfaceOrientationLandscapeRight";
				LD_RUNPATH_SEARCH_PATHS = (
					"$(inherited)",
					"@executable_path/Frameworks",
				);
				MARKETING_VERSION = 1.0;
				PRODUCT_BUNDLE_IDENTIFIER = com.andriikuznietsov.L3;
				PRODUCT_NAME = "$(TARGET_NAME)";
				SWIFT_EMIT_LOC_STRINGS = YES;
				SWIFT_VERSION = 5.0;
				TARGETED_DEVICE_FAMILY = "1,2";
			};
			name = Release;
		};
/* End XCBuildConfiguration section */

/* Begin XCConfigurationList section */
		A2A3582B2B1E4DF20085912B /* Build configuration list for PBXProject "L3" */ = {
			isa = XCConfigurationList;
			buildConfigurations = (
				A2A358422B1E4DF30085912B /* Debug */,
				A2A358432B1E4DF30085912B /* Release */,
			);
			defaultConfigurationIsVisible = 0;
			defaultConfigurationName = Release;
		};
		A2A358442B1E4DF30085912B /* Build configuration list for PBXNativeTarget "L3" */ = {
			isa = XCConfigurationList;
			buildConfigurations = (
				A2A358452B1E4DF30085912B /* Debug */,
				A2A358462B1E4DF30085912B /* Release */,
			);
			defaultConfigurationIsVisible = 0;
			defaultConfigurationName = Release;
		};
/* End XCConfigurationList section */
	};
	rootObject = A2A358282B1E4DF20085912B /* Project object */;
}
